
Microsoft Visual Studio Solution File, Format Version 12.00
# Visual Studio 2013
VisualStudioVersion = 12.0.21005.1
MinimumVisualStudioVersion = 10.0.40219.1
Project("{FAE04EC0-301F-11D3-BF4B-00C04F79EFBC}") = "UTCCatholic", "UTCCatholic\UTCCatholic.csproj", "{5AB2B375-38CF-4174-B692-E4EC7C5A7B72}"
EndProject
Project("{2150E333-8FDC-42A3-9474-1A3956D46DE8}") = ".nuget", ".nuget", "{9A1D87E0-0A27-417A-9F94-43B3285E4F72}"
EndProject
Global
	GlobalSection(SolutionConfigurationPlatforms) = preSolution
		Debug|Any CPU = Debug|Any CPU
		Release|Any CPU = Release|Any CPU
	EndGlobalSection
	GlobalSection(ProjectConfigurationPlatforms) = postSolution
		{5AB2B375-38CF-4174-B692-E4EC7C5A7B72}.Debug|Any CPU.ActiveCfg = Debug|Any CPU
		{5AB2B375-38CF-4174-B692-E4EC7C5A7B72}.Debug|Any CPU.Build.0 = Debug|Any CPU
		{5AB2B375-38CF-4174-B692-E4EC7C5A7B72}.Debug|Any CPU.Deploy.0 = Debug|Any CPU
		{5AB2B375-38CF-4174-B692-E4EC7C5A7B72}.Release|Any CPU.ActiveCfg = Release|Any CPU
		{5AB2B375-38CF-4174-B692-E4EC7C5A7B72}.Release|Any CPU.Build.0 = Release|Any CPU
	EndGlobalSection
	GlobalSection(SolutionProperties) = preSolution
		HideSolutionNode = FALSE
	EndGlobalSection
EndGlobal
